
Microsoft Visual Studio Solution File, Format Version 12.00
# Visual Studio Version 17
VisualStudioVersion = 17.9.34723.18
MinimumVisualStudioVersion = 10.0.40219.1
Project("{FAE04EC0-301F-11D3-BF4B-00C04F79EFBC}") = "POS - Point of Sale - Programming Champs", "POS - Point of Sale - Programming Champs\POS - Point of Sale - Programming Champs.csproj", "{D089CC81-0035-4269-91DA-7BDF06D8205A}"
EndProject
Project("{54435603-DBB4-11D2-8724-00A0C9A8B90C}") = "Programming_Champs_POS", "Programming_Champs_POS\Programming_Champs_POS.vdproj", "{9E71623D-F94C-4355-8B39-6BB25ED94DC9}"
EndProject
Global
	GlobalSection(SolutionConfigurationPlatforms) = preSolution
		Debug|Any CPU = Debug|Any CPU
		Release|Any CPU = Release|Any CPU
	EndGlobalSection
	GlobalSection(ProjectConfigurationPlatforms) = postSolution
		{D089CC81-0035-4269-91DA-7BDF06D8205A}.Debug|Any CPU.ActiveCfg = Debug|Any CPU
		{D089CC81-0035-4269-91DA-7BDF06D8205A}.Debug|Any CPU.Build.0 = Debug|Any CPU
		{D089CC81-0035-4269-91DA-7BDF06D8205A}.Release|Any CPU.ActiveCfg = Release|Any CPU
		{D089CC81-0035-4269-91DA-7BDF06D8205A}.Release|Any CPU.Build.0 = Release|Any CPU
		{9E71623D-F94C-4355-8B39-6BB25ED94DC9}.Debug|Any CPU.ActiveCfg = Debug
		{9E71623D-F94C-4355-8B39-6BB25ED94DC9}.Release|Any CPU.ActiveCfg = Release
	EndGlobalSection
	GlobalSection(SolutionProperties) = preSolution
		HideSolutionNode = FALSE
	EndGlobalSection
	GlobalSection(ExtensibilityGlobals) = postSolution
		SolutionGuid = {AF313357-EB9F-42DB-8AB6-694B77DD27B2}
	EndGlobalSection
EndGlobal
